<?xml version="1.0" encoding="utf-8"?>
<Project ToolsVersion="4.0" xmlns="http://schemas.microsoft.com/developer/msbuild/2003">
  <ItemGroup>
    <Filter Include="Source Files">
      <UniqueIdentifier>{4FC737F1-C7A5-4376-A066-2A32D752A2FF}</UniqueIdentifier>
      <Extensions>cpp;c;cc;cxx;c++;cppm;ixx;def;odl;idl;hpj;bat;asm;asmx</Extensions>
    </Filter>
    <Filter Include="Header Files">
      <UniqueIdentifier>{93995380-89BD-4b04-88EB-625FBE52EBFB}</UniqueIdentifier>
      <Extensions>h;hh;hpp;hxx;h++;hm;inl;inc;ipp;xsd</Extensions>
    </Filter>
    <Filter Include="Resource Files">
      <UniqueIdentifier>{67DA6AB6-F800-4c08-8B7A-83BB121AAD01}</UniqueIdentifier>
      <Extensions>rc;ico;cur;bmp;dlg;rc2;rct;bin;rgs;gif;jpg;jpeg;jpe;resx;tiff;tif;png;wav;mfcribbon-ms</Extensions>
    </Filter>
    <Filter Include="Source Files\imgui">
      <UniqueIdentifier>{4c27895c-643e-43de-82a6-d807cf860bc8}</UniqueIdentifier>
    </Filter>
    <Filter Include="Header Files\system">
      <UniqueIdentifier>{ac792fdb-e585-454f-8e08-f325e7f8d46b}</UniqueIdentifier>
    </Filter>
    <Filter Include="Header Files\tower">
      <UniqueIdentifier>{fe86725d-a27a-47d1-b4d8-d56f9d11dcd4}</UniqueIdentifier>
    </Filter>
    <Filter Include="Header Files\tile">
      <UniqueIdentifier>{bf861127-9878-4014-bc82-7e37ca22ab3d}</UniqueIdentifier>
    </Filter>
    <Filter Include="Header Files\enemy">
      <UniqueIdentifier>{5a4acdd9-dcdb-444c-b40b-205b2ef02bca}</UniqueIdentifier>
    </Filter>
  </ItemGroup>
  <ItemGroup>
    <ClCompile Include="main.cpp">
      <Filter>Source Files</Filter>
    </ClCompile>
    <ClCompile Include="..\..\..\..\..\Libs\imgui_src\imgui.cpp">
      <Filter>Source Files\imgui</Filter>
    </ClCompile>
    <ClCompile Include="..\..\..\..\..\Libs\imgui_src\imgui_draw.cpp">
      <Filter>Source Files\imgui</Filter>
    </ClCompile>
    <ClCompile Include="..\..\..\..\..\Libs\imgui_src\imgui_tables.cpp">
      <Filter>Source Files\imgui</Filter>
    </ClCompile>
    <ClCompile Include="..\..\..\..\..\Libs\imgui_src\imgui_widgets.cpp">
      <Filter>Source Files\imgui</Filter>
    </ClCompile>
    <ClCompile Include="..\..\..\..\..\Libs\imgui_sfml_src\imgui-SFML.cpp">
      <Filter>Source Files\imgui</Filter>
    </ClCompile>
    <ClCompile Include="archerTower.cpp">
      <Filter>Source Files</Filter>
    </ClCompile>
    <ClCompile Include="entityManger.cpp">
      <Filter>Source Files</Filter>
    </ClCompile>
    <ClCompile Include="tower.cpp">
      <Filter>Source Files</Filter>
    </ClCompile>
  </ItemGroup>
  <ItemGroup>
    <ClInclude Include="..\..\..\..\..\Libs\imgui_src\imconfig.h">
      <Filter>Source Files\imgui</Filter>
    </ClInclude>
    <ClInclude Include="..\..\..\..\..\Libs\imgui_sfml_src\imconfig-SFML.h">
      <Filter>Source Files\imgui</Filter>
    </ClInclude>
    <ClInclude Include="..\..\..\..\..\Libs\imgui_src\imgui.h">
      <Filter>Source Files\imgui</Filter>
    </ClInclude>
    <ClInclude Include="..\..\..\..\..\Libs\imgui_src\imgui_internal.h">
      <Filter>Source Files\imgui</Filter>
    </ClInclude>
    <ClInclude Include="..\..\..\..\..\Libs\imgui_sfml_src\imgui-SFML.h">
      <Filter>Source Files\imgui</Filter>
    </ClInclude>
    <ClInclude Include="..\..\..\..\..\Libs\imgui_sfml_src\imgui-SFML_export.h">
      <Filter>Source Files\imgui</Filter>
    </ClInclude>
    <ClInclude Include="..\..\..\..\..\Libs\imgui_src\imstb_rectpack.h">
      <Filter>Source Files\imgui</Filter>
    </ClInclude>
    <ClInclude Include="..\..\..\..\..\Libs\imgui_src\imstb_textedit.h">
      <Filter>Source Files\imgui</Filter>
    </ClInclude>
    <ClInclude Include="..\..\..\..\..\Libs\imgui_src\imstb_truetype.h">
      <Filter>Source Files\imgui</Filter>
    </ClInclude>
    <ClInclude Include="entity.hpp">
      <Filter>Header Files</Filter>
    </ClInclude>
    <ClInclude Include="components.hpp">
      <Filter>Header Files</Filter>
    </ClInclude>
    <ClInclude Include="componentManager.hpp">
      <Filter>Header Files</Filter>
    </ClInclude>
    <ClInclude Include="entityManager.hpp">
      <Filter>Header Files</Filter>
    </ClInclude>
    <ClInclude Include="systemManager.hpp">
      <Filter>Header Files</Filter>
    </ClInclude>
    <ClInclude Include="system.hpp">
      <Filter>Header Files</Filter>
    </ClInclude>
    <ClInclude Include="componentManagerBase.hpp">
      <Filter>Header Files</Filter>
    </ClInclude>
    <ClInclude Include="towerRenderSystem.hpp">
      <Filter>Header Files\system</Filter>
    </ClInclude>
    <ClInclude Include="archerTower.hpp">
      <Filter>Header Files\tower</Filter>
    </ClInclude>
    <ClInclude Include="tower.hpp">
      <Filter>Header Files\tower</Filter>
    </ClInclude>
    <ClInclude Include="tile.hpp">
      <Filter>Header Files\tile</Filter>
    </ClInclude>
    <ClInclude Include="spawnTile.hpp">
      <Filter>Header Files\tile</Filter>
    </ClInclude>
    <ClInclude Include="endTile.hpp">
      <Filter>Header Files\tile</Filter>
    </ClInclude>
    <ClInclude Include="pathTile.hpp">
      <Filter>Header Files\tile</Filter>
    </ClInclude>
    <ClInclude Include="waterTile.hpp">
      <Filter>Header Files\tile</Filter>
    </ClInclude>
    <ClInclude Include="towerTile.hpp">
      <Filter>Header Files\tile</Filter>
    </ClInclude>
    <ClInclude Include="tileManager.hpp">
      <Filter>Header Files\tile</Filter>
    </ClInclude>
    <ClInclude Include="enemy.hpp">
      <Filter>Header Files\enemy</Filter>
    </ClInclude>
    <ClInclude Include="fishmanEnemy.hpp">
      <Filter>Header Files\enemy</Filter>
    </ClInclude>
  </ItemGroup>
  <ItemGroup>
    <None Include="packages.config" />
  </ItemGroup>
</Project>